// !$*UTF8*$!
{
	archiveVersion = 1;
	classes = {
	};
	objectVersion = 56;
	objects = {

/* Begin PBXBuildFile section */
		6AA5DE6B2CB880AE00FEECA2 /* SpeedometerAppApp.swift in Sources */ = {isa = PBXBuildFile; fileRef = 6AA5DE6A2CB880AE00FEECA2 /* SpeedometerAppApp.swift */; };
		6AA5DE6D2CB880AE00FEECA2 /* ContentView.swift in Sources */ = {isa = PBXBuildFile; fileRef = 6AA5DE6C2CB880AE00FEECA2 /* ContentView.swift */; };
		6AA5DE6F2CB880CA00FEECA2 /* Assets.xcassets in Resources */ = {isa = PBXBuildFile; fileRef = 6AA5DE6E2CB880CA00FEECA2 /* Assets.xcassets */; };
		6AA5DE722CB880CA00FEECA2 /* Preview Assets.xcassets in Resources */ = {isa = PBXBuildFile; fileRef = 6AA5DE712CB880CA00FEECA2 /* Preview Assets.xcassets */; };
		6AA5DE7C2CB880CA00FEECA2 /* SpeedometerAppTests.swift in Sources */ = {isa = PBXBuildFile; fileRef = 6AA5DE7B2CB880CA00FEECA2 /* SpeedometerAppTests.swift */; };
		6AA5DE862CB880CA00FEECA2 /* SpeedometerAppUITests.swift in Sources */ = {isa = PBXBuildFile; fileRef = 6AA5DE852CB880CA00FEECA2 /* SpeedometerAppUITests.swift */; };
		6AA5DE882CB880CA00FEECA2 /* SpeedometerAppUITestsLaunchTests.swift in Sources */ = {isa = PBXBuildFile; fileRef = 6AA5DE872CB880CA00FEECA2 /* SpeedometerAppUITestsLaunchTests.swift */; };
		6AA5DE962CB882BE00FEECA2 /* LocationManager.swift in Sources */ = {isa = PBXBuildFile; fileRef = 6AA5DE952CB882BE00FEECA2 /* LocationManager.swift */; };
		6AE27DCB2D0004DF0022B190 /* WorkoutSummaryView.swift in Sources */ = {isa = PBXBuildFile; fileRef = 6AE27DCA2D0004DF0022B190 /* WorkoutSummaryView.swift */; };
/* End PBXBuildFile section */

/* Begin PBXContainerItemProxy section */
		6AA5DE782CB880CA00FEECA2 /* PBXContainerItemProxy */ = {
			isa = PBXContainerItemProxy;
			containerPortal = 6AA5DE5F2CB880AE00FEECA2 /* Project object */;
			proxyType = 1;
			remoteGlobalIDString = 6AA5DE662CB880AE00FEECA2;
			remoteInfo = SpeedometerApp;
		};
		6AA5DE822CB880CA00FEECA2 /* PBXContainerItemProxy */ = {
			isa = PBXContainerItemProxy;
			containerPortal = 6AA5DE5F2CB880AE00FEECA2 /* Project object */;
			proxyType = 1;
			remoteGlobalIDString = 6AA5DE662CB880AE00FEECA2;
			remoteInfo = SpeedometerApp;
		};
/* End PBXContainerItemProxy section */

/* Begin PBXFileReference section */
		6AA5DE672CB880AE00FEECA2 /* SpeedometerApp.app */ = {isa = PBXFileReference; explicitFileType = wrapper.application; includeInIndex = 0; path = SpeedometerApp.app; sourceTree = BUILT_PRODUCTS_DIR; };
		6AA5DE6A2CB880AE00FEECA2 /* SpeedometerAppApp.swift */ = {isa = PBXFileReference; lastKnownFileType = sourcecode.swift; path = SpeedometerAppApp.swift; sourceTree = "<group>"; };
		6AA5DE6C2CB880AE00FEECA2 /* ContentView.swift */ = {isa = PBXFileReference; lastKnownFileType = sourcecode.swift; path = ContentView.swift; sourceTree = "<group>"; };
		6AA5DE6E2CB880CA00FEECA2 /* Assets.xcassets */ = {isa = PBXFileReference; lastKnownFileType = folder.assetcatalog; path = Assets.xcassets; sourceTree = "<group>"; };
		6AA5DE712CB880CA00FEECA2 /* Preview Assets.xcassets */ = {isa = PBXFileReference; lastKnownFileType = folder.assetcatalog; path = "Preview Assets.xcassets"; sourceTree = "<group>"; };
		6AA5DE772CB880CA00FEECA2 /* SpeedometerAppTests.xctest */ = {isa = PBXFileReference; explicitFileType = wrapper.cfbundle; includeInIndex = 0; path = SpeedometerAppTests.xctest; sourceTree = BUILT_PRODUCTS_DIR; };
		6AA5DE7B2CB880CA00FEECA2 /* SpeedometerAppTests.swift */ = {isa = PBXFileReference; lastKnownFileType = sourcecode.swift; path = SpeedometerAppTests.swift; sourceTree = "<group>"; };
		6AA5DE812CB880CA00FEECA2 /* SpeedometerAppUITests.xctest */ = {isa = PBXFileReference; explicitFileType = wrapper.cfbundle; includeInIndex = 0; path = SpeedometerAppUITests.xctest; sourceTree = BUILT_PRODUCTS_DIR; };
		6AA5DE852CB880CA00FEECA2 /* SpeedometerAppUITests.swift */ = {isa = PBXFileReference; lastKnownFileType = sourcecode.swift; path = SpeedometerAppUITests.swift; sourceTree = "<group>"; };
		6AA5DE872CB880CA00FEECA2 /* SpeedometerAppUITestsLaunchTests.swift */ = {isa = PBXFileReference; lastKnownFileType = sourcecode.swift; path = SpeedometerAppUITestsLaunchTests.swift; sourceTree = "<group>"; };
		6AA5DE942CB8820900FEECA2 /* Info.plist */ = {isa = PBXFileReference; lastKnownFileType = text.plist; path = Info.plist; sourceTree = "<group>"; };
		6AA5DE952CB882BE00FEECA2 /* LocationManager.swift */ = {isa = PBXFileReference; lastKnownFileType = sourcecode.swift; path = LocationManager.swift; sourceTree = "<group>"; };
		6AE27DCA2D0004DF0022B190 /* WorkoutSummaryView.swift */ = {isa = PBXFileReference; lastKnownFileType = sourcecode.swift; path = WorkoutSummaryView.swift; sourceTree = "<group>"; };
/* End PBXFileReference section */

/* Begin PBXFrameworksBuildPhase section */
		6AA5DE642CB880AE00FEECA2 /* Frameworks */ = {
			isa = PBXFrameworksBuildPhase;
			buildActionMask = 2147483647;
			files = (
			);
			runOnlyForDeploymentPostprocessing = 0;
		};
		6AA5DE742CB880CA00FEECA2 /* Frameworks */ = {
			isa = PBXFrameworksBuildPhase;
			buildActionMask = 2147483647;
			files = (
			);
			runOnlyForDeploymentPostprocessing = 0;
		};
		6AA5DE7E2CB880CA00FEECA2 /* Frameworks */ = {
			isa = PBXFrameworksBuildPhase;
			buildActionMask = 2147483647;
			files = (
			);
			runOnlyForDeploymentPostprocessing = 0;
		};
/* End PBXFrameworksBuildPhase section */

/* Begin PBXGroup section */
		6AA5DE5E2CB880AE00FEECA2 = {
			isa = PBXGroup;
			children = (
				6AA5DE692CB880AE00FEECA2 /* SpeedometerApp */,
				6AA5DE7A2CB880CA00FEECA2 /* SpeedometerAppTests */,
				6AA5DE842CB880CA00FEECA2 /* SpeedometerAppUITests */,
				6AA5DE682CB880AE00FEECA2 /* Products */,
			);
			sourceTree = "<group>";
		};
		6AA5DE682CB880AE00FEECA2 /* Products */ = {
			isa = PBXGroup;
			children = (
				6AA5DE672CB880AE00FEECA2 /* SpeedometerApp.app */,
				6AA5DE772CB880CA00FEECA2 /* SpeedometerAppTests.xctest */,
				6AA5DE812CB880CA00FEECA2 /* SpeedometerAppUITests.xctest */,
			);
			name = Products;
			sourceTree = "<group>";
		};
		6AA5DE692CB880AE00FEECA2 /* SpeedometerApp */ = {
			isa = PBXGroup;
			children = (
				6AA5DE942CB8820900FEECA2 /* Info.plist */,
				6AE27DCA2D0004DF0022B190 /* WorkoutSummaryView.swift */,
				6AA5DE6A2CB880AE00FEECA2 /* SpeedometerAppApp.swift */,
				6AA5DE6C2CB880AE00FEECA2 /* ContentView.swift */,
				6AA5DE6E2CB880CA00FEECA2 /* Assets.xcassets */,
				6AA5DE702CB880CA00FEECA2 /* Preview Content */,
				6AA5DE952CB882BE00FEECA2 /* LocationManager.swift */,
			);
			path = SpeedometerApp;
			sourceTree = "<group>";
		};
		6AA5DE702CB880CA00FEECA2 /* Preview Content */ = {
			isa = PBXGroup;
			children = (
				6AA5DE712CB880CA00FEECA2 /* Preview Assets.xcassets */,
			);
			path = "Preview Content";
			sourceTree = "<group>";
		};
		6AA5DE7A2CB880CA00FEECA2 /* SpeedometerAppTests */ = {
			isa = PBXGroup;
			children = (
				6AA5DE7B2CB880CA00FEECA2 /* SpeedometerAppTests.swift */,
			);
			path = SpeedometerAppTests;
			sourceTree = "<group>";
		};
		6AA5DE842CB880CA00FEECA2 /* SpeedometerAppUITests */ = {
			isa = PBXGroup;
			children = (
				6AA5DE852CB880CA00FEECA2 /* SpeedometerAppUITests.swift */,
				6AA5DE872CB880CA00FEECA2 /* SpeedometerAppUITestsLaunchTests.swift */,
			);
			path = SpeedometerAppUITests;
			sourceTree = "<group>";
		};
/* End PBXGroup section */

/* Begin PBXNativeTarget section */
		6AA5DE662CB880AE00FEECA2 /* SpeedometerApp */ = {
			isa = PBXNativeTarget;
			buildConfigurationList = 6AA5DE8B2CB880CA00FEECA2 /* Build configuration list for PBXNativeTarget "SpeedometerApp" */;
			buildPhases = (
				6AA5DE632CB880AE00FEECA2 /* Sources */,
				6AA5DE642CB880AE00FEECA2 /* Frameworks */,
				6AA5DE652CB880AE00FEECA2 /* Resources */,
			);
			buildRules = (
			);
			dependencies = (
			);
			name = SpeedometerApp;
			productName = SpeedometerApp;
			productReference = 6AA5DE672CB880AE00FEECA2 /* SpeedometerApp.app */;
			productType = "com.apple.product-type.application";
		};
		6AA5DE762CB880CA00FEECA2 /* SpeedometerAppTests */ = {
			isa = PBXNativeTarget;
			buildConfigurationList = 6AA5DE8E2CB880CA00FEECA2 /* Build configuration list for PBXNativeTarget "SpeedometerAppTests" */;
			buildPhases = (
				6AA5DE732CB880CA00FEECA2 /* Sources */,
				6AA5DE742CB880CA00FEECA2 /* Frameworks */,
				6AA5DE752CB880CA00FEECA2 /* Resources */,
			);
			buildRules = (
			);
			dependencies = (
				6AA5DE792CB880CA00FEECA2 /* PBXTargetDependency */,
			);
			name = SpeedometerAppTests;
			productName = SpeedometerAppTests;
			productReference = 6AA5DE772CB880CA00FEECA2 /* SpeedometerAppTests.xctest */;
			productType = "com.apple.product-type.bundle.unit-test";
		};
		6AA5DE802CB880CA00FEECA2 /* SpeedometerAppUITests */ = {
			isa = PBXNativeTarget;
			buildConfigurationList = 6AA5DE912CB880CA00FEECA2 /* Build configuration list for PBXNativeTarget "SpeedometerAppUITests" */;
			buildPhases = (
				6AA5DE7D2CB880CA00FEECA2 /* Sources */,
				6AA5DE7E2CB880CA00FEECA2 /* Frameworks */,
				6AA5DE7F2CB880CA00FEECA2 /* Resources */,
			);
			buildRules = (
			);
			dependencies = (
				6AA5DE832CB880CA00FEECA2 /* PBXTargetDependency */,
			);
			name = SpeedometerAppUITests;
			productName = SpeedometerAppUITests;
			productReference = 6AA5DE812CB880CA00FEECA2 /* SpeedometerAppUITests.xctest */;
			productType = "com.apple.product-type.bundle.ui-testing";
		};
/* End PBXNativeTarget section */

/* Begin PBXProject section */
		6AA5DE5F2CB880AE00FEECA2 /* Project object */ = {
			isa = PBXProject;
			attributes = {
				BuildIndependentTargetsInParallel = 1;
				LastSwiftUpdateCheck = 1400;
				LastUpgradeCheck = 1400;
				TargetAttributes = {
					6AA5DE662CB880AE00FEECA2 = {
						CreatedOnToolsVersion = 14.0;
					};
					6AA5DE762CB880CA00FEECA2 = {
						CreatedOnToolsVersion = 14.0;
						TestTargetID = 6AA5DE662CB880AE00FEECA2;
					};
					6AA5DE802CB880CA00FEECA2 = {
						CreatedOnToolsVersion = 14.0;
						TestTargetID = 6AA5DE662CB880AE00FEECA2;
					};
				};
			};
			buildConfigurationList = 6AA5DE622CB880AE00FEECA2 /* Build configuration list for PBXProject "SpeedometerApp" */;
			compatibilityVersion = "Xcode 14.0";
			developmentRegion = en;
			hasScannedForEncodings = 0;
			knownRegions = (
				en,
				Base,
			);
			mainGroup = 6AA5DE5E2CB880AE00FEECA2;
			productRefGroup = 6AA5DE682CB880AE00FEECA2 /* Products */;
			projectDirPath = "";
			projectRoot = "";
			targets = (
				6AA5DE662CB880AE00FEECA2 /* SpeedometerApp */,
				6AA5DE762CB880CA00FEECA2 /* SpeedometerAppTests */,
				6AA5DE802CB880CA00FEECA2 /* SpeedometerAppUITests */,
			);
		};
/* End PBXProject section */

/* Begin PBXResourcesBuildPhase section */
		6AA5DE652CB880AE00FEECA2 /* Resources */ = {
			isa = PBXResourcesBuildPhase;
			buildActionMask = 2147483647;
			files = (
				6AA5DE722CB880CA00FEECA2 /* Preview Assets.xcassets in Resources */,
				6AA5DE6F2CB880CA00FEECA2 /* Assets.xcassets in Resources */,
			);
			runOnlyForDeploymentPostprocessing = 0;
		};
		6AA5DE752CB880CA00FEECA2 /* Resources */ = {
			isa = PBXResourcesBuildPhase;
			buildActionMask = 2147483647;
			files = (
			);
			runOnlyForDeploymentPostprocessing = 0;
		};
		6AA5DE7F2CB880CA00FEECA2 /* Resources */ = {
			isa = PBXResourcesBuildPhase;
			buildActionMask = 2147483647;
			files = (
			);
			runOnlyForDeploymentPostprocessing = 0;
		};
/* End PBXResourcesBuildPhase section */

/* Begin PBXSourcesBuildPhase section */
		6AA5DE632CB880AE00FEECA2 /* Sources */ = {
			isa = PBXSourcesBuildPhase;
			buildActionMask = 2147483647;
			files = (
				6AA5DE6D2CB880AE00FEECA2 /* ContentView.swift in Sources */,
				6AA5DE6B2CB880AE00FEECA2 /* SpeedometerAppApp.swift in Sources */,
				6AA5DE962CB882BE00FEECA2 /* LocationManager.swift in Sources */,
				6AE27DCB2D0004DF0022B190 /* WorkoutSummaryView.swift in Sources */,
			);
			runOnlyForDeploymentPostprocessing = 0;
		};
		6AA5DE732CB880CA00FEECA2 /* Sources */ = {
			isa = PBXSourcesBuildPhase;
			buildActionMask = 2147483647;
			files = (
				6AA5DE7C2CB880CA00FEECA2 /* SpeedometerAppTests.swift in Sources */,
			);
			runOnlyForDeploymentPostprocessing = 0;
		};
		6AA5DE7D2CB880CA00FEECA2 /* Sources */ = {
			isa = PBXSourcesBuildPhase;
			buildActionMask = 2147483647;
			files = (
				6AA5DE882CB880CA00FEECA2 /* SpeedometerAppUITestsLaunchTests.swift in Sources */,
				6AA5DE862CB880CA00FEECA2 /* SpeedometerAppUITests.swift in Sources */,
			);
			runOnlyForDeploymentPostprocessing = 0;
		};
/* End PBXSourcesBuildPhase section */

/* Begin PBXTargetDependency section */
		6AA5DE792CB880CA00FEECA2 /* PBXTargetDependency */ = {
			isa = PBXTargetDependency;
			target = 6AA5DE662CB880AE00FEECA2 /* SpeedometerApp */;
			targetProxy = 6AA5DE782CB880CA00FEECA2 /* PBXContainerItemProxy */;
		};
		6AA5DE832CB880CA00FEECA2 /* PBXTargetDependency */ = {
			isa = PBXTargetDependency;
			target = 6AA5DE662CB880AE00FEECA2 /* SpeedometerApp */;
			targetProxy = 6AA5DE822CB880CA00FEECA2 /* PBXContainerItemProxy */;
		};
/* End PBXTargetDependency section */

/* Begin XCBuildConfiguration section */
		6AA5DE892CB880CA00FEECA2 /* Debug */ = {
			isa = XCBuildConfiguration;
			buildSettings = {
				ALWAYS_SEARCH_USER_PATHS = NO;
				CLANG_ANALYZER_NONNULL = YES;
				CLANG_ANALYZER_NUMBER_OBJECT_CONVERSION = YES_AGGRESSIVE;
				CLANG_CXX_LANGUAGE_STANDARD = "gnu++20";
				CLANG_ENABLE_MODULES = YES;
				CLANG_ENABLE_OBJC_ARC = YES;
				CLANG_ENABLE_OBJC_WEAK = YES;
				CLANG_WARN_BLOCK_CAPTURE_AUTORELEASING = YES;
				CLANG_WARN_BOOL_CONVERSION = YES;
				CLANG_WARN_COMMA = YES;
				CLANG_WARN_CONSTANT_CONVERSION = YES;
				CLANG_WARN_DEPRECATED_OBJC_IMPLEMENTATIONS = YES;
				CLANG_WARN_DIRECT_OBJC_ISA_USAGE = YES_ERROR;
				CLANG_WARN_DOCUMENTATION_COMMENTS = YES;
				CLANG_WARN_EMPTY_BODY = YES;
				CLANG_WARN_ENUM_CONVERSION = YES;
				CLANG_WARN_INFINITE_RECURSION = YES;
				CLANG_WARN_INT_CONVERSION = YES;
				CLANG_WARN_NON_LITERAL_NULL_CONVERSION = YES;
				CLANG_WARN_OBJC_IMPLICIT_RETAIN_SELF = YES;
				CLANG_WARN_OBJC_LITERAL_CONVERSION = YES;
				CLANG_WARN_OBJC_ROOT_CLASS = YES_ERROR;
				CLANG_WARN_QUOTED_INCLUDE_IN_FRAMEWORK_HEADER = YES;
				CLANG_WARN_RANGE_LOOP_ANALYSIS = YES;
				CLANG_WARN_STRICT_PROTOTYPES = YES;
				CLANG_WARN_SUSPICIOUS_MOVE = YES;
				CLANG_WARN_UNGUARDED_AVAILABILITY = YES_AGGRESSIVE;
				CLANG_WARN_UNREACHABLE_CODE = YES;
				CLANG_WARN__DUPLICATE_METHOD_MATCH = YES;
				COPY_PHASE_STRIP = NO;
				DEBUG_INFORMATION_FORMAT = dwarf;
				ENABLE_STRICT_OBJC_MSGSEND = YES;
				ENABLE_TESTABILITY = YES;
				GCC_C_LANGUAGE_STANDARD = gnu11;
				GCC_DYNAMIC_NO_PIC = NO;
				GCC_NO_COMMON_BLOCKS = YES;
				GCC_OPTIMIZATION_LEVEL = 0;
				GCC_PREPROCESSOR_DEFINITIONS = (
					"DEBUG=1",
					"$(inherited)",
				);
				GCC_WARN_64_TO_32_BIT_CONVERSION = YES;
				GCC_WARN_ABOUT_RETURN_TYPE = YES_ERROR;
				GCC_WARN_UNDECLARED_SELECTOR = YES;
				GCC_WARN_UNINITIALIZED_AUTOS = YES_AGGRESSIVE;
				GCC_WARN_UNUSED_FUNCTION = YES;
				GCC_WARN_UNUSED_VARIABLE = YES;
				IPHONEOS_DEPLOYMENT_TARGET = 16.0;
				MTL_ENABLE_DEBUG_INFO = INCLUDE_SOURCE;
				MTL_FAST_MATH = YES;
				ONLY_ACTIVE_ARCH = YES;
				SDKROOT = iphoneos;
				SWIFT_ACTIVE_COMPILATION_CONDITIONS = DEBUG;
				SWIFT_OPTIMIZATION_LEVEL = "-Onone";
			};
			name = Debug;
		};
		6AA5DE8A2CB880CA00FEECA2 /* Release */ = {
			isa = XCBuildConfiguration;
			buildSettings = {
				ALWAYS_SEARCH_USER_PATHS = NO;
				CLANG_ANALYZER_NONNULL = YES;
				CLANG_ANALYZER_NUMBER_OBJECT_CONVERSION = YES_AGGRESSIVE;
				CLANG_CXX_LANGUAGE_STANDARD = "gnu++20";
				CLANG_ENABLE_MODULES = YES;
				CLANG_ENABLE_OBJC_ARC = YES;
				CLANG_ENABLE_OBJC_WEAK = YES;
				CLANG_WARN_BLOCK_CAPTURE_AUTORELEASING = YES;
				CLANG_WARN_BOOL_CONVERSION = YES;
				CLANG_WARN_COMMA = YES;
				CLANG_WARN_CONSTANT_CONVERSION = YES;
				CLANG_WARN_DEPRECATED_OBJC_IMPLEMENTATIONS = YES;
				CLANG_WARN_DIRECT_OBJC_ISA_USAGE = YES_ERROR;
				CLANG_WARN_DOCUMENTATION_COMMENTS = YES;
				CLANG_WARN_EMPTY_BODY = YES;
				CLANG_WARN_ENUM_CONVERSION = YES;
				CLANG_WARN_INFINITE_RECURSION = YES;
				CLANG_WARN_INT_CONVERSION = YES;
				CLANG_WARN_NON_LITERAL_NULL_CONVERSION = YES;
				CLANG_WARN_OBJC_IMPLICIT_RETAIN_SELF = YES;
				CLANG_WARN_OBJC_LITERAL_CONVERSION = YES;
				CLANG_WARN_OBJC_ROOT_CLASS = YES_ERROR;
				CLANG_WARN_QUOTED_INCLUDE_IN_FRAMEWORK_HEADER = YES;
				CLANG_WARN_RANGE_LOOP_ANALYSIS = YES;
				CLANG_WARN_STRICT_PROTOTYPES = YES;
				CLANG_WARN_SUSPICIOUS_MOVE = YES;
				CLANG_WARN_UNGUARDED_AVAILABILITY = YES_AGGRESSIVE;
				CLANG_WARN_UNREACHABLE_CODE = YES;
				CLANG_WARN__DUPLICATE_METHOD_MATCH = YES;
				COPY_PHASE_STRIP = NO;
				DEBUG_INFORMATION_FORMAT = "dwarf-with-dsym";
				ENABLE_NS_ASSERTIONS = NO;
				ENABLE_STRICT_OBJC_MSGSEND = YES;
				GCC_C_LANGUAGE_STANDARD = gnu11;
				GCC_NO_COMMON_BLOCKS = YES;
				GCC_WARN_64_TO_32_BIT_CONVERSION = YES;
				GCC_WARN_ABOUT_RETURN_TYPE = YES_ERROR;
				GCC_WARN_UNDECLARED_SELECTOR = YES;
				GCC_WARN_UNINITIALIZED_AUTOS = YES_AGGRESSIVE;
				GCC_WARN_UNUSED_FUNCTION = YES;
				GCC_WARN_UNUSED_VARIABLE = YES;
				IPHONEOS_DEPLOYMENT_TARGET = 16.0;
				MTL_ENABLE_DEBUG_INFO = NO;
				MTL_FAST_MATH = YES;
				SDKROOT = iphoneos;
				SWIFT_COMPILATION_MODE = wholemodule;
				SWIFT_OPTIMIZATION_LEVEL = "-O";
				VALIDATE_PRODUCT = YES;
			};
			name = Release;
		};
		6AA5DE8C2CB880CA00FEECA2 /* Debug */ = {
			isa = XCBuildConfiguration;
			buildSettings = {
				ASSETCATALOG_COMPILER_APPICON_NAME = AppIcon;
				ASSETCATALOG_COMPILER_GLOBAL_ACCENT_COLOR_NAME = AccentColor;
				CODE_SIGN_STYLE = Automatic;
				CURRENT_PROJECT_VERSION = 1;
				DEVELOPMENT_ASSET_PATHS = "\"SpeedometerApp/Preview Content\"";
				DEVELOPMENT_TEAM = 4F8A64539Q;
				ENABLE_PREVIEWS = YES;
				GENERATE_INFOPLIST_FILE = YES;
				INFOPLIST_FILE = SpeedometerApp/Info.plist;
				INFOPLIST_KEY_UIApplicationSupportsIndirectInputEvents = YES;
				INFOPLIST_KEY_UILaunchScreen_Generation = YES;
				INFOPLIST_KEY_UISupportedInterfaceOrientations_iPad = "UIInterfaceOrientationPortrait UIInterfaceOrientationPortraitUpsideDown UIInterfaceOrientationLandscapeLeft UIInterfaceOrientationLandscapeRight";
				INFOPLIST_KEY_UISupportedInterfaceOrientations_iPhone = "UIInterfaceOrientationPortrait UIInterfaceOrientationLandscapeLeft UIInterfaceOrientationLandscapeRight";
				LD_RUNPATH_SEARCH_PATHS = (
					"$(inherited)",
					"@executable_path/Frameworks",
				);
				MARKETING_VERSION = 1.0;
				PRODUCT_BUNDLE_IDENTIFIER = com.Tristan.SpeedometerApp;
				PRODUCT_NAME = "$(TARGET_NAME)";
				SWIFT_EMIT_LOC_STRINGS = YES;
				SWIFT_VERSION = 5.0;
				TARGETED_DEVICE_FAMILY = "1,2";
			};
			name = Debug;
		};
		6AA5DE8D2CB880CA00FEECA2 /* Release */ = {
			isa = XCBuildConfiguration;
			buildSettings = {
				ASSETCATALOG_COMPILER_APPICON_NAME = AppIcon;
				ASSETCATALOG_COMPILER_GLOBAL_ACCENT_COLOR_NAME = AccentColor;
				CODE_SIGN_STYLE = Automatic;
				CURRENT_PROJECT_VERSION = 1;
				DEVELOPMENT_ASSET_PATHS = "\"SpeedometerApp/Preview Content\"";
				DEVELOPMENT_TEAM = 4F8A64539Q;
				ENABLE_PREVIEWS = YES;
				GENERATE_INFOPLIST_FILE = YES;
				INFOPLIST_FILE = SpeedometerApp/Info.plist;
				INFOPLIST_KEY_UIApplicationSupportsIndirectInputEvents = YES;
				INFOPLIST_KEY_UILaunchScreen_Generation = YES;
				INFOPLIST_KEY_UISupportedInterfaceOrientations_iPad = "UIInterfaceOrientationPortrait UIInterfaceOrientationPortraitUpsideDown UIInterfaceOrientationLandscapeLeft UIInterfaceOrientationLandscapeRight";
				INFOPLIST_KEY_UISupportedInterfaceOrientations_iPhone = "UIInterfaceOrientationPortrait UIInterfaceOrientationLandscapeLeft UIInterfaceOrientationLandscapeRight";
				LD_RUNPATH_SEARCH_PATHS = (
					"$(inherited)",
					"@executable_path/Frameworks",
				);
				MARKETING_VERSION = 1.0;
				PRODUCT_BUNDLE_IDENTIFIER = com.Tristan.SpeedometerApp;
				PRODUCT_NAME = "$(TARGET_NAME)";
				SWIFT_EMIT_LOC_STRINGS = YES;
				SWIFT_VERSION = 5.0;
				TARGETED_DEVICE_FAMILY = "1,2";
			};
			name = Release;
		};
		6AA5DE8F2CB880CA00FEECA2 /* Debug */ = {
			isa = XCBuildConfiguration;
			buildSettings = {
				ALWAYS_EMBED_SWIFT_STANDARD_LIBRARIES = YES;
				BUNDLE_LOADER = "$(TEST_HOST)";
				CODE_SIGN_STYLE = Automatic;
				CURRENT_PROJECT_VERSION = 1;
				DEVELOPMENT_TEAM = 4F8A64539Q;
				GENERATE_INFOPLIST_FILE = YES;
				IPHONEOS_DEPLOYMENT_TARGET = 16.0;
				MARKETING_VERSION = 1.0;
				PRODUCT_BUNDLE_IDENTIFIER = com.Tristan.SpeedometerAppTests;
				PRODUCT_NAME = "$(TARGET_NAME)";
				SWIFT_EMIT_LOC_STRINGS = NO;
				SWIFT_VERSION = 5.0;
				TARGETED_DEVICE_FAMILY = "1,2";
				TEST_HOST = "$(BUILT_PRODUCTS_DIR)/SpeedometerApp.app/$(BUNDLE_EXECUTABLE_FOLDER_PATH)/SpeedometerApp";
			};
			name = Debug;
		};
		6AA5DE902CB880CA00FEECA2 /* Release */ = {
			isa = XCBuildConfiguration;
			buildSettings = {
				ALWAYS_EMBED_SWIFT_STANDARD_LIBRARIES = YES;
				BUNDLE_LOADER = "$(TEST_HOST)";
				CODE_SIGN_STYLE = Automatic;
				CURRENT_PROJECT_VERSION = 1;
				DEVELOPMENT_TEAM = 4F8A64539Q;
				GENERATE_INFOPLIST_FILE = YES;
				IPHONEOS_DEPLOYMENT_TARGET = 16.0;
				MARKETING_VERSION = 1.0;
				PRODUCT_BUNDLE_IDENTIFIER = com.Tristan.SpeedometerAppTests;
				PRODUCT_NAME = "$(TARGET_NAME)";
				SWIFT_EMIT_LOC_STRINGS = NO;
				SWIFT_VERSION = 5.0;
				TARGETED_DEVICE_FAMILY = "1,2";
				TEST_HOST = "$(BUILT_PRODUCTS_DIR)/SpeedometerApp.app/$(BUNDLE_EXECUTABLE_FOLDER_PATH)/SpeedometerApp";
			};
			name = Release;
		};
		6AA5DE922CB880CA00FEECA2 /* Debug */ = {
			isa = XCBuildConfiguration;
			buildSettings = {
				ALWAYS_EMBED_SWIFT_STANDARD_LIBRARIES = YES;
				CODE_SIGN_STYLE = Automatic;
				CURRENT_PROJECT_VERSION = 1;
				DEVELOPMENT_TEAM = 4F8A64539Q;
				GENERATE_INFOPLIST_FILE = YES;
				MARKETING_VERSION = 1.0;
				PRODUCT_BUNDLE_IDENTIFIER = com.Tristan.SpeedometerAppUITests;
				PRODUCT_NAME = "$(TARGET_NAME)";
				SWIFT_EMIT_LOC_STRINGS = NO;
				SWIFT_VERSION = 5.0;
				TARGETED_DEVICE_FAMILY = "1,2";
				TEST_TARGET_NAME = SpeedometerApp;
			};
			name = Debug;
		};
		6AA5DE932CB880CA00FEECA2 /* Release */ = {
			isa = XCBuildConfiguration;
			buildSettings = {
				ALWAYS_EMBED_SWIFT_STANDARD_LIBRARIES = YES;
				CODE_SIGN_STYLE = Automatic;
				CURRENT_PROJECT_VERSION = 1;
				DEVELOPMENT_TEAM = 4F8A64539Q;
				GENERATE_INFOPLIST_FILE = YES;
				MARKETING_VERSION = 1.0;
				PRODUCT_BUNDLE_IDENTIFIER = com.Tristan.SpeedometerAppUITests;
				PRODUCT_NAME = "$(TARGET_NAME)";
				SWIFT_EMIT_LOC_STRINGS = NO;
				SWIFT_VERSION = 5.0;
				TARGETED_DEVICE_FAMILY = "1,2";
				TEST_TARGET_NAME = SpeedometerApp;
			};
			name = Release;
		};
/* End XCBuildConfiguration section */

/* Begin XCConfigurationList section */
		6AA5DE622CB880AE00FEECA2 /* Build configuration list for PBXProject "SpeedometerApp" */ = {
			isa = XCConfigurationList;
			buildConfigurations = (
				6AA5DE892CB880CA00FEECA2 /* Debug */,
				6AA5DE8A2CB880CA00FEECA2 /* Release */,
			);
			defaultConfigurationIsVisible = 0;
			defaultConfigurationName = Release;
		};
		6AA5DE8B2CB880CA00FEECA2 /* Build configuration list for PBXNativeTarget "SpeedometerApp" */ = {
			isa = XCConfigurationList;
			buildConfigurations = (
				6AA5DE8C2CB880CA00FEECA2 /* Debug */,
				6AA5DE8D2CB880CA00FEECA2 /* Release */,
			);
			defaultConfigurationIsVisible = 0;
			defaultConfigurationName = Release;
		};
		6AA5DE8E2CB880CA00FEECA2 /* Build configuration list for PBXNativeTarget "SpeedometerAppTests" */ = {
			isa = XCConfigurationList;
			buildConfigurations = (
				6AA5DE8F2CB880CA00FEECA2 /* Debug */,
				6AA5DE902CB880CA00FEECA2 /* Release */,
			);
			defaultConfigurationIsVisible = 0;
			defaultConfigurationName = Release;
		};
		6AA5DE912CB880CA00FEECA2 /* Build configuration list for PBXNativeTarget "SpeedometerAppUITests" */ = {
			isa = XCConfigurationList;
			buildConfigurations = (
				6AA5DE922CB880CA00FEECA2 /* Debug */,
				6AA5DE932CB880CA00FEECA2 /* Release */,
			);
			defaultConfigurationIsVisible = 0;
			defaultConfigurationName = Release;
		};
/* End XCConfigurationList section */
	};
	rootObject = 6AA5DE5F2CB880AE00FEECA2 /* Project object */;
}
